// !$*UTF8*$!
{
	archiveVersion = 1;
	classes = {
	};
	objectVersion = 56;
	objects = {

/* Begin PBXBuildFile section */
		D82DAC2B299A196500C495DA /* AppDelegate.swift in Sources */ = {isa = PBXBuildFile; fileRef = D82DAC2A299A196500C495DA /* AppDelegate.swift */; };
		D82DAC2D299A196500C495DA /* SceneDelegate.swift in Sources */ = {isa = PBXBuildFile; fileRef = D82DAC2C299A196500C495DA /* SceneDelegate.swift */; };
		D82DAC2F299A196500C495DA /* ViewController.swift in Sources */ = {isa = PBXBuildFile; fileRef = D82DAC2E299A196500C495DA /* ViewController.swift */; };
		D82DAC32299A196500C495DA /* Main.storyboard in Resources */ = {isa = PBXBuildFile; fileRef = D82DAC30299A196500C495DA /* Main.storyboard */; };
		D82DAC34299A196600C495DA /* Assets.xcassets in Resources */ = {isa = PBXBuildFile; fileRef = D82DAC33299A196600C495DA /* Assets.xcassets */; };
		D82DAC37299A196600C495DA /* LaunchScreen.storyboard in Resources */ = {isa = PBXBuildFile; fileRef = D82DAC35299A196600C495DA /* LaunchScreen.storyboard */; };
		D82DAC42299A196600C495DA /* Instrument_AppTests.swift in Sources */ = {isa = PBXBuildFile; fileRef = D82DAC41299A196600C495DA /* Instrument_AppTests.swift */; };
		D82DAC4C299A196600C495DA /* Instrument_AppUITests.swift in Sources */ = {isa = PBXBuildFile; fileRef = D82DAC4B299A196600C495DA /* Instrument_AppUITests.swift */; };
		D82DAC4E299A196600C495DA /* Instrument_AppUITestsLaunchTests.swift in Sources */ = {isa = PBXBuildFile; fileRef = D82DAC4D299A196600C495DA /* Instrument_AppUITestsLaunchTests.swift */; };
/* End PBXBuildFile section */

/* Begin PBXContainerItemProxy section */
		D82DAC3E299A196600C495DA /* PBXContainerItemProxy */ = {
			isa = PBXContainerItemProxy;
			containerPortal = D82DAC1F299A196500C495DA /* Project object */;
			proxyType = 1;
			remoteGlobalIDString = D82DAC26299A196500C495DA;
			remoteInfo = "Instrument-App";
		};
		D82DAC48299A196600C495DA /* PBXContainerItemProxy */ = {
			isa = PBXContainerItemProxy;
			containerPortal = D82DAC1F299A196500C495DA /* Project object */;
			proxyType = 1;
			remoteGlobalIDString = D82DAC26299A196500C495DA;
			remoteInfo = "Instrument-App";
		};
/* End PBXContainerItemProxy section */

/* Begin PBXFileReference section */
		D82DAC27299A196500C495DA /* Instrument-App.app */ = {isa = PBXFileReference; explicitFileType = wrapper.application; includeInIndex = 0; path = "Instrument-App.app"; sourceTree = BUILT_PRODUCTS_DIR; };
		D82DAC2A299A196500C495DA /* AppDelegate.swift */ = {isa = PBXFileReference; lastKnownFileType = sourcecode.swift; path = AppDelegate.swift; sourceTree = "<group>"; };
		D82DAC2C299A196500C495DA /* SceneDelegate.swift */ = {isa = PBXFileReference; lastKnownFileType = sourcecode.swift; path = SceneDelegate.swift; sourceTree = "<group>"; };
		D82DAC2E299A196500C495DA /* ViewController.swift */ = {isa = PBXFileReference; lastKnownFileType = sourcecode.swift; path = ViewController.swift; sourceTree = "<group>"; };
		D82DAC31299A196500C495DA /* Base */ = {isa = PBXFileReference; lastKnownFileType = file.storyboard; name = Base; path = Base.lproj/Main.storyboard; sourceTree = "<group>"; };
		D82DAC33299A196600C495DA /* Assets.xcassets */ = {isa = PBXFileReference; lastKnownFileType = folder.assetcatalog; path = Assets.xcassets; sourceTree = "<group>"; };
		D82DAC36299A196600C495DA /* Base */ = {isa = PBXFileReference; lastKnownFileType = file.storyboard; name = Base; path = Base.lproj/LaunchScreen.storyboard; sourceTree = "<group>"; };
		D82DAC38299A196600C495DA /* Info.plist */ = {isa = PBXFileReference; lastKnownFileType = text.plist.xml; path = Info.plist; sourceTree = "<group>"; };
		D82DAC3D299A196600C495DA /* Instrument-AppTests.xctest */ = {isa = PBXFileReference; explicitFileType = wrapper.cfbundle; includeInIndex = 0; path = "Instrument-AppTests.xctest"; sourceTree = BUILT_PRODUCTS_DIR; };
		D82DAC41299A196600C495DA /* Instrument_AppTests.swift */ = {isa = PBXFileReference; lastKnownFileType = sourcecode.swift; path = Instrument_AppTests.swift; sourceTree = "<group>"; };
		D82DAC47299A196600C495DA /* Instrument-AppUITests.xctest */ = {isa = PBXFileReference; explicitFileType = wrapper.cfbundle; includeInIndex = 0; path = "Instrument-AppUITests.xctest"; sourceTree = BUILT_PRODUCTS_DIR; };
		D82DAC4B299A196600C495DA /* Instrument_AppUITests.swift */ = {isa = PBXFileReference; lastKnownFileType = sourcecode.swift; path = Instrument_AppUITests.swift; sourceTree = "<group>"; };
		D82DAC4D299A196600C495DA /* Instrument_AppUITestsLaunchTests.swift */ = {isa = PBXFileReference; lastKnownFileType = sourcecode.swift; path = Instrument_AppUITestsLaunchTests.swift; sourceTree = "<group>"; };
/* End PBXFileReference section */

/* Begin PBXFrameworksBuildPhase section */
		D82DAC24299A196500C495DA /* Frameworks */ = {
			isa = PBXFrameworksBuildPhase;
			buildActionMask = 2147483647;
			files = (
			);
			runOnlyForDeploymentPostprocessing = 0;
		};
		D82DAC3A299A196600C495DA /* Frameworks */ = {
			isa = PBXFrameworksBuildPhase;
			buildActionMask = 2147483647;
			files = (
			);
			runOnlyForDeploymentPostprocessing = 0;
		};
		D82DAC44299A196600C495DA /* Frameworks */ = {
			isa = PBXFrameworksBuildPhase;
			buildActionMask = 2147483647;
			files = (
			);
			runOnlyForDeploymentPostprocessing = 0;
		};
/* End PBXFrameworksBuildPhase section */

/* Begin PBXGroup section */
		D82DAC1E299A196500C495DA = {
			isa = PBXGroup;
			children = (
				D82DAC29299A196500C495DA /* Instrument-App */,
				D82DAC40299A196600C495DA /* Instrument-AppTests */,
				D82DAC4A299A196600C495DA /* Instrument-AppUITests */,
				D82DAC28299A196500C495DA /* Products */,
			);
			sourceTree = "<group>";
		};
		D82DAC28299A196500C495DA /* Products */ = {
			isa = PBXGroup;
			children = (
				D82DAC27299A196500C495DA /* Instrument-App.app */,
				D82DAC3D299A196600C495DA /* Instrument-AppTests.xctest */,
				D82DAC47299A196600C495DA /* Instrument-AppUITests.xctest */,
			);
			name = Products;
			sourceTree = "<group>";
		};
		D82DAC29299A196500C495DA /* Instrument-App */ = {
			isa = PBXGroup;
			children = (
				D82DAC2A299A196500C495DA /* AppDelegate.swift */,
				D82DAC2C299A196500C495DA /* SceneDelegate.swift */,
				D82DAC2E299A196500C495DA /* ViewController.swift */,
				D82DAC30299A196500C495DA /* Main.storyboard */,
				D82DAC33299A196600C495DA /* Assets.xcassets */,
				D82DAC35299A196600C495DA /* LaunchScreen.storyboard */,
				D82DAC38299A196600C495DA /* Info.plist */,
				D82DAC5A299A712C00C495DA /* Sounds */,
			);
			path = "Instrument-App";
			sourceTree = "<group>";
		};
		D82DAC40299A196600C495DA /* Instrument-AppTests */ = {
			isa = PBXGroup;
			children = (
				D82DAC41299A196600C495DA /* Instrument_AppTests.swift */,
			);
			path = "Instrument-AppTests";
			sourceTree = "<group>";
		};
		D82DAC4A299A196600C495DA /* Instrument-AppUITests */ = {
			isa = PBXGroup;
			children = (
				D82DAC4B299A196600C495DA /* Instrument_AppUITests.swift */,
				D82DAC4D299A196600C495DA /* Instrument_AppUITestsLaunchTests.swift */,
			);
			path = "Instrument-AppUITests";
			sourceTree = "<group>";
		};
		D82DAC5A299A712C00C495DA /* Sounds */ = {
			isa = PBXGroup;
			children = (
			);
			path = Sounds;
			sourceTree = "<group>";
		};
/* End PBXGroup section */

/* Begin PBXNativeTarget section */
		D82DAC26299A196500C495DA /* Instrument-App */ = {
			isa = PBXNativeTarget;
			buildConfigurationList = D82DAC51299A196600C495DA /* Build configuration list for PBXNativeTarget "Instrument-App" */;
			buildPhases = (
				D82DAC23299A196500C495DA /* Sources */,
				D82DAC24299A196500C495DA /* Frameworks */,
				D82DAC25299A196500C495DA /* Resources */,
			);
			buildRules = (
			);
			dependencies = (
			);
			name = "Instrument-App";
			productName = "Instrument-App";
			productReference = D82DAC27299A196500C495DA /* Instrument-App.app */;
			productType = "com.apple.product-type.application";
		};
		D82DAC3C299A196600C495DA /* Instrument-AppTests */ = {
			isa = PBXNativeTarget;
			buildConfigurationList = D82DAC54299A196600C495DA /* Build configuration list for PBXNativeTarget "Instrument-AppTests" */;
			buildPhases = (
				D82DAC39299A196600C495DA /* Sources */,
				D82DAC3A299A196600C495DA /* Frameworks */,
				D82DAC3B299A196600C495DA /* Resources */,
			);
			buildRules = (
			);
			dependencies = (
				D82DAC3F299A196600C495DA /* PBXTargetDependency */,
			);
			name = "Instrument-AppTests";
			productName = "Instrument-AppTests";
			productReference = D82DAC3D299A196600C495DA /* Instrument-AppTests.xctest */;
			productType = "com.apple.product-type.bundle.unit-test";
		};
		D82DAC46299A196600C495DA /* Instrument-AppUITests */ = {
			isa = PBXNativeTarget;
			buildConfigurationList = D82DAC57299A196600C495DA /* Build configuration list for PBXNativeTarget "Instrument-AppUITests" */;
			buildPhases = (
				D82DAC43299A196600C495DA /* Sources */,
				D82DAC44299A196600C495DA /* Frameworks */,
				D82DAC45299A196600C495DA /* Resources */,
			);
			buildRules = (
			);
			dependencies = (
				D82DAC49299A196600C495DA /* PBXTargetDependency */,
			);
			name = "Instrument-AppUITests";
			productName = "Instrument-AppUITests";
			productReference = D82DAC47299A196600C495DA /* Instrument-AppUITests.xctest */;
			productType = "com.apple.product-type.bundle.ui-testing";
		};
/* End PBXNativeTarget section */

/* Begin PBXProject section */
		D82DAC1F299A196500C495DA /* Project object */ = {
			isa = PBXProject;
			attributes = {
				BuildIndependentTargetsInParallel = 1;
				LastSwiftUpdateCheck = 1420;
				LastUpgradeCheck = 1420;
				TargetAttributes = {
					D82DAC26299A196500C495DA = {
						CreatedOnToolsVersion = 14.2;
					};
					D82DAC3C299A196600C495DA = {
						CreatedOnToolsVersion = 14.2;
						TestTargetID = D82DAC26299A196500C495DA;
					};
					D82DAC46299A196600C495DA = {
						CreatedOnToolsVersion = 14.2;
						TestTargetID = D82DAC26299A196500C495DA;
					};
				};
			};
			buildConfigurationList = D82DAC22299A196500C495DA /* Build configuration list for PBXProject "Instrument-App" */;
			compatibilityVersion = "Xcode 14.0";
			developmentRegion = en;
			hasScannedForEncodings = 0;
			knownRegions = (
				en,
				Base,
			);
			mainGroup = D82DAC1E299A196500C495DA;
			productRefGroup = D82DAC28299A196500C495DA /* Products */;
			projectDirPath = "";
			projectRoot = "";
			targets = (
				D82DAC26299A196500C495DA /* Instrument-App */,
				D82DAC3C299A196600C495DA /* Instrument-AppTests */,
				D82DAC46299A196600C495DA /* Instrument-AppUITests */,
			);
		};
/* End PBXProject section */

/* Begin PBXResourcesBuildPhase section */
		D82DAC25299A196500C495DA /* Resources */ = {
			isa = PBXResourcesBuildPhase;
			buildActionMask = 2147483647;
			files = (
				D82DAC37299A196600C495DA /* LaunchScreen.storyboard in Resources */,
				D82DAC34299A196600C495DA /* Assets.xcassets in Resources */,
				D82DAC32299A196500C495DA /* Main.storyboard in Resources */,
			);
			runOnlyForDeploymentPostprocessing = 0;
		};
		D82DAC3B299A196600C495DA /* Resources */ = {
			isa = PBXResourcesBuildPhase;
			buildActionMask = 2147483647;
			files = (
			);
			runOnlyForDeploymentPostprocessing = 0;
		};
		D82DAC45299A196600C495DA /* Resources */ = {
			isa = PBXResourcesBuildPhase;
			buildActionMask = 2147483647;
			files = (
			);
			runOnlyForDeploymentPostprocessing = 0;
		};
/* End PBXResourcesBuildPhase section */

/* Begin PBXSourcesBuildPhase section */
		D82DAC23299A196500C495DA /* Sources */ = {
			isa = PBXSourcesBuildPhase;
			buildActionMask = 2147483647;
			files = (
				D82DAC2F299A196500C495DA /* ViewController.swift in Sources */,
				D82DAC2B299A196500C495DA /* AppDelegate.swift in Sources */,
				D82DAC2D299A196500C495DA /* SceneDelegate.swift in Sources */,
			);
			runOnlyForDeploymentPostprocessing = 0;
		};
		D82DAC39299A196600C495DA /* Sources */ = {
			isa = PBXSourcesBuildPhase;
			buildActionMask = 2147483647;
			files = (
				D82DAC42299A196600C495DA /* Instrument_AppTests.swift in Sources */,
			);
			runOnlyForDeploymentPostprocessing = 0;
		};
		D82DAC43299A196600C495DA /* Sources */ = {
			isa = PBXSourcesBuildPhase;
			buildActionMask = 2147483647;
			files = (
				D82DAC4C299A196600C495DA /* Instrument_AppUITests.swift in Sources */,
				D82DAC4E299A196600C495DA /* Instrument_AppUITestsLaunchTests.swift in Sources */,
			);
			runOnlyForDeploymentPostprocessing = 0;
		};
/* End PBXSourcesBuildPhase section */

/* Begin PBXTargetDependency section */
		D82DAC3F299A196600C495DA /* PBXTargetDependency */ = {
			isa = PBXTargetDependency;
			target = D82DAC26299A196500C495DA /* Instrument-App */;
			targetProxy = D82DAC3E299A196600C495DA /* PBXContainerItemProxy */;
		};
		D82DAC49299A196600C495DA /* PBXTargetDependency */ = {
			isa = PBXTargetDependency;
			target = D82DAC26299A196500C495DA /* Instrument-App */;
			targetProxy = D82DAC48299A196600C495DA /* PBXContainerItemProxy */;
		};
/* End PBXTargetDependency section */

/* Begin PBXVariantGroup section */
		D82DAC30299A196500C495DA /* Main.storyboard */ = {
			isa = PBXVariantGroup;
			children = (
				D82DAC31299A196500C495DA /* Base */,
			);
			name = Main.storyboard;
			sourceTree = "<group>";
		};
		D82DAC35299A196600C495DA /* LaunchScreen.storyboard */ = {
			isa = PBXVariantGroup;
			children = (
				D82DAC36299A196600C495DA /* Base */,
			);
			name = LaunchScreen.storyboard;
			sourceTree = "<group>";
		};
/* End PBXVariantGroup section */

/* Begin XCBuildConfiguration section */
		D82DAC4F299A196600C495DA /* Debug */ = {
			isa = XCBuildConfiguration;
			buildSettings = {
				ALWAYS_SEARCH_USER_PATHS = NO;
				CLANG_ANALYZER_NONNULL = YES;
				CLANG_ANALYZER_NUMBER_OBJECT_CONVERSION = YES_AGGRESSIVE;
				CLANG_CXX_LANGUAGE_STANDARD = "gnu++20";
				CLANG_ENABLE_MODULES = YES;
				CLANG_ENABLE_OBJC_ARC = YES;
				CLANG_ENABLE_OBJC_WEAK = YES;
				CLANG_WARN_BLOCK_CAPTURE_AUTORELEASING = YES;
				CLANG_WARN_BOOL_CONVERSION = YES;
				CLANG_WARN_COMMA = YES;
				CLANG_WARN_CONSTANT_CONVERSION = YES;
				CLANG_WARN_DEPRECATED_OBJC_IMPLEMENTATIONS = YES;
				CLANG_WARN_DIRECT_OBJC_ISA_USAGE = YES_ERROR;
				CLANG_WARN_DOCUMENTATION_COMMENTS = YES;
				CLANG_WARN_EMPTY_BODY = YES;
				CLANG_WARN_ENUM_CONVERSION = YES;
				CLANG_WARN_INFINITE_RECURSION = YES;
				CLANG_WARN_INT_CONVERSION = YES;
				CLANG_WARN_NON_LITERAL_NULL_CONVERSION = YES;
				CLANG_WARN_OBJC_IMPLICIT_RETAIN_SELF = YES;
				CLANG_WARN_OBJC_LITERAL_CONVERSION = YES;
				CLANG_WARN_OBJC_ROOT_CLASS = YES_ERROR;
				CLANG_WARN_QUOTED_INCLUDE_IN_FRAMEWORK_HEADER = YES;
				CLANG_WARN_RANGE_LOOP_ANALYSIS = YES;
				CLANG_WARN_STRICT_PROTOTYPES = YES;
				CLANG_WARN_SUSPICIOUS_MOVE = YES;
				CLANG_WARN_UNGUARDED_AVAILABILITY = YES_AGGRESSIVE;
				CLANG_WARN_UNREACHABLE_CODE = YES;
				CLANG_WARN__DUPLICATE_METHOD_MATCH = YES;
				COPY_PHASE_STRIP = NO;
				DEBUG_INFORMATION_FORMAT = dwarf;
				ENABLE_STRICT_OBJC_MSGSEND = YES;
				ENABLE_TESTABILITY = YES;
				GCC_C_LANGUAGE_STANDARD = gnu11;
				GCC_DYNAMIC_NO_PIC = NO;
				GCC_NO_COMMON_BLOCKS = YES;
				GCC_OPTIMIZATION_LEVEL = 0;
				GCC_PREPROCESSOR_DEFINITIONS = (
					"DEBUG=1",
					"$(inherited)",
				);
				GCC_WARN_64_TO_32_BIT_CONVERSION = YES;
				GCC_WARN_ABOUT_RETURN_TYPE = YES_ERROR;
				GCC_WARN_UNDECLARED_SELECTOR = YES;
				GCC_WARN_UNINITIALIZED_AUTOS = YES_AGGRESSIVE;
				GCC_WARN_UNUSED_FUNCTION = YES;
				GCC_WARN_UNUSED_VARIABLE = YES;
				IPHONEOS_DEPLOYMENT_TARGET = 16.2;
				MTL_ENABLE_DEBUG_INFO = INCLUDE_SOURCE;
				MTL_FAST_MATH = YES;
				ONLY_ACTIVE_ARCH = YES;
				SDKROOT = iphoneos;
				SWIFT_ACTIVE_COMPILATION_CONDITIONS = DEBUG;
				SWIFT_OPTIMIZATION_LEVEL = "-Onone";
			};
			name = Debug;
		};
		D82DAC50299A196600C495DA /* Release */ = {
			isa = XCBuildConfiguration;
			buildSettings = {
				ALWAYS_SEARCH_USER_PATHS = NO;
				CLANG_ANALYZER_NONNULL = YES;
				CLANG_ANALYZER_NUMBER_OBJECT_CONVERSION = YES_AGGRESSIVE;
				CLANG_CXX_LANGUAGE_STANDARD = "gnu++20";
				CLANG_ENABLE_MODULES = YES;
				CLANG_ENABLE_OBJC_ARC = YES;
				CLANG_ENABLE_OBJC_WEAK = YES;
				CLANG_WARN_BLOCK_CAPTURE_AUTORELEASING = YES;
				CLANG_WARN_BOOL_CONVERSION = YES;
				CLANG_WARN_COMMA = YES;
				CLANG_WARN_CONSTANT_CONVERSION = YES;
				CLANG_WARN_DEPRECATED_OBJC_IMPLEMENTATIONS = YES;
				CLANG_WARN_DIRECT_OBJC_ISA_USAGE = YES_ERROR;
				CLANG_WARN_DOCUMENTATION_COMMENTS = YES;
				CLANG_WARN_EMPTY_BODY = YES;
				CLANG_WARN_ENUM_CONVERSION = YES;
				CLANG_WARN_INFINITE_RECURSION = YES;
				CLANG_WARN_INT_CONVERSION = YES;
				CLANG_WARN_NON_LITERAL_NULL_CONVERSION = YES;
				CLANG_WARN_OBJC_IMPLICIT_RETAIN_SELF = YES;
				CLANG_WARN_OBJC_LITERAL_CONVERSION = YES;
				CLANG_WARN_OBJC_ROOT_CLASS = YES_ERROR;
				CLANG_WARN_QUOTED_INCLUDE_IN_FRAMEWORK_HEADER = YES;
				CLANG_WARN_RANGE_LOOP_ANALYSIS = YES;
				CLANG_WARN_STRICT_PROTOTYPES = YES;
				CLANG_WARN_SUSPICIOUS_MOVE = YES;
				CLANG_WARN_UNGUARDED_AVAILABILITY = YES_AGGRESSIVE;
				CLANG_WARN_UNREACHABLE_CODE = YES;
				CLANG_WARN__DUPLICATE_METHOD_MATCH = YES;
				COPY_PHASE_STRIP = NO;
				DEBUG_INFORMATION_FORMAT = "dwarf-with-dsym";
				ENABLE_NS_ASSERTIONS = NO;
				ENABLE_STRICT_OBJC_MSGSEND = YES;
				GCC_C_LANGUAGE_STANDARD = gnu11;
				GCC_NO_COMMON_BLOCKS = YES;
				GCC_WARN_64_TO_32_BIT_CONVERSION = YES;
				GCC_WARN_ABOUT_RETURN_TYPE = YES_ERROR;
				GCC_WARN_UNDECLARED_SELECTOR = YES;
				GCC_WARN_UNINITIALIZED_AUTOS = YES_AGGRESSIVE;
				GCC_WARN_UNUSED_FUNCTION = YES;
				GCC_WARN_UNUSED_VARIABLE = YES;
				IPHONEOS_DEPLOYMENT_TARGET = 16.2;
				MTL_ENABLE_DEBUG_INFO = NO;
				MTL_FAST_MATH = YES;
				SDKROOT = iphoneos;
				SWIFT_COMPILATION_MODE = wholemodule;
				SWIFT_OPTIMIZATION_LEVEL = "-O";
				VALIDATE_PRODUCT = YES;
			};
			name = Release;
		};
		D82DAC52299A196600C495DA /* Debug */ = {
			isa = XCBuildConfiguration;
			buildSettings = {
				ASSETCATALOG_COMPILER_APPICON_NAME = AppIcon;
				ASSETCATALOG_COMPILER_GLOBAL_ACCENT_COLOR_NAME = AccentColor;
				CODE_SIGN_STYLE = Automatic;
				CURRENT_PROJECT_VERSION = 1;
				DEVELOPMENT_TEAM = 6V8RYTN3WC;
				GENERATE_INFOPLIST_FILE = YES;
				INFOPLIST_FILE = "Instrument-App/Info.plist";
				INFOPLIST_KEY_UIApplicationSupportsIndirectInputEvents = YES;
				INFOPLIST_KEY_UILaunchStoryboardName = LaunchScreen;
				INFOPLIST_KEY_UIMainStoryboardFile = Main;
				INFOPLIST_KEY_UISupportedInterfaceOrientations_iPad = "UIInterfaceOrientationPortrait UIInterfaceOrientationPortraitUpsideDown UIInterfaceOrientationLandscapeLeft UIInterfaceOrientationLandscapeRight";
				INFOPLIST_KEY_UISupportedInterfaceOrientations_iPhone = "UIInterfaceOrientationPortrait UIInterfaceOrientationLandscapeLeft UIInterfaceOrientationLandscapeRight";
				LD_RUNPATH_SEARCH_PATHS = (
					"$(inherited)",
					"@executable_path/Frameworks",
				);
				MARKETING_VERSION = 1.0;
				PRODUCT_BUNDLE_IDENTIFIER = "com.kocakaysegul.Instrument-App";
				PRODUCT_NAME = "$(TARGET_NAME)";
				SWIFT_EMIT_LOC_STRINGS = YES;
				SWIFT_VERSION = 5.0;
				TARGETED_DEVICE_FAMILY = "1,2";
			};
			name = Debug;
		};
		D82DAC53299A196600C495DA /* Release */ = {
			isa = XCBuildConfiguration;
			buildSettings = {
				ASSETCATALOG_COMPILER_APPICON_NAME = AppIcon;
				ASSETCATALOG_COMPILER_GLOBAL_ACCENT_COLOR_NAME = AccentColor;
				CODE_SIGN_STYLE = Automatic;
				CURRENT_PROJECT_VERSION = 1;
				DEVELOPMENT_TEAM = 6V8RYTN3WC;
				GENERATE_INFOPLIST_FILE = YES;
				INFOPLIST_FILE = "Instrument-App/Info.plist";
				INFOPLIST_KEY_UIApplicationSupportsIndirectInputEvents = YES;
				INFOPLIST_KEY_UILaunchStoryboardName = LaunchScreen;
				INFOPLIST_KEY_UIMainStoryboardFile = Main;
				INFOPLIST_KEY_UISupportedInterfaceOrientations_iPad = "UIInterfaceOrientationPortrait UIInterfaceOrientationPortraitUpsideDown UIInterfaceOrientationLandscapeLeft UIInterfaceOrientationLandscapeRight";
				INFOPLIST_KEY_UISupportedInterfaceOrientations_iPhone = "UIInterfaceOrientationPortrait UIInterfaceOrientationLandscapeLeft UIInterfaceOrientationLandscapeRight";
				LD_RUNPATH_SEARCH_PATHS = (
					"$(inherited)",
					"@executable_path/Frameworks",
				);
				MARKETING_VERSION = 1.0;
				PRODUCT_BUNDLE_IDENTIFIER = "com.kocakaysegul.Instrument-App";
				PRODUCT_NAME = "$(TARGET_NAME)";
				SWIFT_EMIT_LOC_STRINGS = YES;
				SWIFT_VERSION = 5.0;
				TARGETED_DEVICE_FAMILY = "1,2";
			};
			name = Release;
		};
		D82DAC55299A196600C495DA /* Debug */ = {
			isa = XCBuildConfiguration;
			buildSettings = {
				ALWAYS_EMBED_SWIFT_STANDARD_LIBRARIES = YES;
				BUNDLE_LOADER = "$(TEST_HOST)";
				CODE_SIGN_STYLE = Automatic;
				CURRENT_PROJECT_VERSION = 1;
				DEVELOPMENT_TEAM = 6V8RYTN3WC;
				GENERATE_INFOPLIST_FILE = YES;
				IPHONEOS_DEPLOYMENT_TARGET = 16.2;
				MARKETING_VERSION = 1.0;
				PRODUCT_BUNDLE_IDENTIFIER = "com.kocakaysegul.Instrument-AppTests";
				PRODUCT_NAME = "$(TARGET_NAME)";
				SWIFT_EMIT_LOC_STRINGS = NO;
				SWIFT_VERSION = 5.0;
				TARGETED_DEVICE_FAMILY = "1,2";
				TEST_HOST = "$(BUILT_PRODUCTS_DIR)/Instrument-App.app/$(BUNDLE_EXECUTABLE_FOLDER_PATH)/Instrument-App";
			};
			name = Debug;
		};
		D82DAC56299A196600C495DA /* Release */ = {
			isa = XCBuildConfiguration;
			buildSettings = {
				ALWAYS_EMBED_SWIFT_STANDARD_LIBRARIES = YES;
				BUNDLE_LOADER = "$(TEST_HOST)";
				CODE_SIGN_STYLE = Automatic;
				CURRENT_PROJECT_VERSION = 1;
				DEVELOPMENT_TEAM = 6V8RYTN3WC;
				GENERATE_INFOPLIST_FILE = YES;
				IPHONEOS_DEPLOYMENT_TARGET = 16.2;
				MARKETING_VERSION = 1.0;
				PRODUCT_BUNDLE_IDENTIFIER = "com.kocakaysegul.Instrument-AppTests";
				PRODUCT_NAME = "$(TARGET_NAME)";
				SWIFT_EMIT_LOC_STRINGS = NO;
				SWIFT_VERSION = 5.0;
				TARGETED_DEVICE_FAMILY = "1,2";
				TEST_HOST = "$(BUILT_PRODUCTS_DIR)/Instrument-App.app/$(BUNDLE_EXECUTABLE_FOLDER_PATH)/Instrument-App";
			};
			name = Release;
		};
		D82DAC58299A196600C495DA /* Debug */ = {
			isa = XCBuildConfiguration;
			buildSettings = {
				ALWAYS_EMBED_SWIFT_STANDARD_LIBRARIES = YES;
				CODE_SIGN_STYLE = Automatic;
				CURRENT_PROJECT_VERSION = 1;
				DEVELOPMENT_TEAM = 6V8RYTN3WC;
				GENERATE_INFOPLIST_FILE = YES;
				MARKETING_VERSION = 1.0;
				PRODUCT_BUNDLE_IDENTIFIER = "com.kocakaysegul.Instrument-AppUITests";
				PRODUCT_NAME = "$(TARGET_NAME)";
				SWIFT_EMIT_LOC_STRINGS = NO;
				SWIFT_VERSION = 5.0;
				TARGETED_DEVICE_FAMILY = "1,2";
				TEST_TARGET_NAME = "Instrument-App";
			};
			name = Debug;
		};
		D82DAC59299A196600C495DA /* Release */ = {
			isa = XCBuildConfiguration;
			buildSettings = {
				ALWAYS_EMBED_SWIFT_STANDARD_LIBRARIES = YES;
				CODE_SIGN_STYLE = Automatic;
				CURRENT_PROJECT_VERSION = 1;
				DEVELOPMENT_TEAM = 6V8RYTN3WC;
				GENERATE_INFOPLIST_FILE = YES;
				MARKETING_VERSION = 1.0;
				PRODUCT_BUNDLE_IDENTIFIER = "com.kocakaysegul.Instrument-AppUITests";
				PRODUCT_NAME = "$(TARGET_NAME)";
				SWIFT_EMIT_LOC_STRINGS = NO;
				SWIFT_VERSION = 5.0;
				TARGETED_DEVICE_FAMILY = "1,2";
				TEST_TARGET_NAME = "Instrument-App";
			};
			name = Release;
		};
/* End XCBuildConfiguration section */

/* Begin XCConfigurationList section */
		D82DAC22299A196500C495DA /* Build configuration list for PBXProject "Instrument-App" */ = {
			isa = XCConfigurationList;
			buildConfigurations = (
				D82DAC4F299A196600C495DA /* Debug */,
				D82DAC50299A196600C495DA /* Release */,
			);
			defaultConfigurationIsVisible = 0;
			defaultConfigurationName = Release;
		};
		D82DAC51299A196600C495DA /* Build configuration list for PBXNativeTarget "Instrument-App" */ = {
			isa = XCConfigurationList;
			buildConfigurations = (
				D82DAC52299A196600C495DA /* Debug */,
				D82DAC53299A196600C495DA /* Release */,
			);
			defaultConfigurationIsVisible = 0;
			defaultConfigurationName = Release;
		};
		D82DAC54299A196600C495DA /* Build configuration list for PBXNativeTarget "Instrument-AppTests" */ = {
			isa = XCConfigurationList;
			buildConfigurations = (
				D82DAC55299A196600C495DA /* Debug */,
				D82DAC56299A196600C495DA /* Release */,
			);
			defaultConfigurationIsVisible = 0;
			defaultConfigurationName = Release;
		};
		D82DAC57299A196600C495DA /* Build configuration list for PBXNativeTarget "Instrument-AppUITests" */ = {
			isa = XCConfigurationList;
			buildConfigurations = (
				D82DAC58299A196600C495DA /* Debug */,
				D82DAC59299A196600C495DA /* Release */,
			);
			defaultConfigurationIsVisible = 0;
			defaultConfigurationName = Release;
		};
/* End XCConfigurationList section */
	};
	rootObject = D82DAC1F299A196500C495DA /* Project object */;
}
